
Microsoft Visual Studio Solution File, Format Version 12.00
# Visual Studio Version 17
VisualStudioVersion = 17.1.32328.378
MinimumVisualStudioVersion = 10.0.40219.1
Project("{9A19103F-16F7-4668-BE54-9A1E7A4F7556}") = "TheInternetApp", "TheInternetApp\TheInternetApp.csproj", "{01FB4C1A-5B26-4751-BA4A-2B9765230C39}"
EndProject
Global
	GlobalSection(SolutionConfigurationPlatforms) = preSolution
		Debug|Any CPU = Debug|Any CPU
		Release|Any CPU = Release|Any CPU
	EndGlobalSection
	GlobalSection(ProjectConfigurationPlatforms) = postSolution
		{01FB4C1A-5B26-4751-BA4A-2B9765230C39}.Debug|Any CPU.ActiveCfg = Debug|Any CPU
		{01FB4C1A-5B26-4751-BA4A-2B9765230C39}.Debug|Any CPU.Build.0 = Debug|Any CPU
		{01FB4C1A-5B26-4751-BA4A-2B9765230C39}.Release|Any CPU.ActiveCfg = Release|Any CPU
		{01FB4C1A-5B26-4751-BA4A-2B9765230C39}.Release|Any CPU.Build.0 = Release|Any CPU
	EndGlobalSection
	GlobalSection(SolutionProperties) = preSolution
		HideSolutionNode = FALSE
	EndGlobalSection
	GlobalSection(ExtensibilityGlobals) = postSolution
		SolutionGuid = {73C12FD8-8F2C-454C-9F29-E9CB260E7AAF}
	EndGlobalSection
EndGlobal
